
Microsoft Visual Studio Solution File, Format Version 12.00
# Visual Studio 15
VisualStudioVersion = 15.0.27004.2005
MinimumVisualStudioVersion = 10.0.40219.1
Project("{9A19103F-16F7-4668-BE54-9A1E7A4F7556}") = "identityserver", "identityserver\identityserver.csproj", "{192B5EA9-1B56-4FD2-A442-EA374B1E2D35}"
EndProject
Project("{E53339B2-1760-4266-BCC7-CA923CBCF16C}") = "docker-compose", "docker-compose.dcproj", "{1C6BF0EC-3EB6-443A-846D-BC9F54875F90}"
EndProject
Project("{FAE04EC0-301F-11D3-BF4B-00C04F79EFBC}") = "webapi", "webapi\webapi.csproj", "{ED52D2C2-1CED-4CF7-BA78-7F02352C665C}"
EndProject
Project("{9A19103F-16F7-4668-BE54-9A1E7A4F7556}") = "angular-spa", "angular-spa\angular-spa.csproj", "{79693EC6-97EA-4CF7-9197-8E443EAB688F}"
EndProject
Global
	GlobalSection(SolutionConfigurationPlatforms) = preSolution
		Debug|Any CPU = Debug|Any CPU
		Release|Any CPU = Release|Any CPU
	EndGlobalSection
	GlobalSection(ProjectConfigurationPlatforms) = postSolution
		{192B5EA9-1B56-4FD2-A442-EA374B1E2D35}.Debug|Any CPU.ActiveCfg = Debug|Any CPU
		{192B5EA9-1B56-4FD2-A442-EA374B1E2D35}.Debug|Any CPU.Build.0 = Debug|Any CPU
		{192B5EA9-1B56-4FD2-A442-EA374B1E2D35}.Release|Any CPU.ActiveCfg = Release|Any CPU
		{192B5EA9-1B56-4FD2-A442-EA374B1E2D35}.Release|Any CPU.Build.0 = Release|Any CPU
		{1C6BF0EC-3EB6-443A-846D-BC9F54875F90}.Debug|Any CPU.ActiveCfg = Debug|Any CPU
		{1C6BF0EC-3EB6-443A-846D-BC9F54875F90}.Debug|Any CPU.Build.0 = Debug|Any CPU
		{1C6BF0EC-3EB6-443A-846D-BC9F54875F90}.Release|Any CPU.ActiveCfg = Release|Any CPU
		{1C6BF0EC-3EB6-443A-846D-BC9F54875F90}.Release|Any CPU.Build.0 = Release|Any CPU
		{ED52D2C2-1CED-4CF7-BA78-7F02352C665C}.Debug|Any CPU.ActiveCfg = Debug|Any CPU
		{ED52D2C2-1CED-4CF7-BA78-7F02352C665C}.Debug|Any CPU.Build.0 = Debug|Any CPU
		{ED52D2C2-1CED-4CF7-BA78-7F02352C665C}.Release|Any CPU.ActiveCfg = Release|Any CPU
		{ED52D2C2-1CED-4CF7-BA78-7F02352C665C}.Release|Any CPU.Build.0 = Release|Any CPU
		{79693EC6-97EA-4CF7-9197-8E443EAB688F}.Debug|Any CPU.ActiveCfg = Debug|Any CPU
		{79693EC6-97EA-4CF7-9197-8E443EAB688F}.Debug|Any CPU.Build.0 = Debug|Any CPU
		{79693EC6-97EA-4CF7-9197-8E443EAB688F}.Release|Any CPU.ActiveCfg = Release|Any CPU
		{79693EC6-97EA-4CF7-9197-8E443EAB688F}.Release|Any CPU.Build.0 = Release|Any CPU
	EndGlobalSection
	GlobalSection(SolutionProperties) = preSolution
		HideSolutionNode = FALSE
	EndGlobalSection
	GlobalSection(ExtensibilityGlobals) = postSolution
		SolutionGuid = {BBC32791-F715-4A4D-BD96-70567B7E59B5}
	EndGlobalSection
EndGlobal
